// !$*UTF8*$!
{
	archiveVersion = 1;
	classes = {
	};
	objectVersion = 50;
	objects = {

/* Begin PBXBuildFile section */
		064DA1E52AFD6D0F0076FCC9 /* AppDelegate.swift in Sources */ = {isa = PBXBuildFile; fileRef = 064DA1E42AFD6D0F0076FCC9 /* AppDelegate.swift */; };
		064DA1E72AFD6D0F0076FCC9 /* SceneDelegate.swift in Sources */ = {isa = PBXBuildFile; fileRef = 064DA1E62AFD6D0F0076FCC9 /* SceneDelegate.swift */; };
		064DA1E92AFD6D0F0076FCC9 /* ViewController.swift in Sources */ = {isa = PBXBuildFile; fileRef = 064DA1E82AFD6D0F0076FCC9 /* ViewController.swift */; };
		064DA1EC2AFD6D0F0076FCC9 /* Main.storyboard in Resources */ = {isa = PBXBuildFile; fileRef = 064DA1EA2AFD6D0F0076FCC9 /* Main.storyboard */; };
		064DA1EE2AFD6D130076FCC9 /* Assets.xcassets in Resources */ = {isa = PBXBuildFile; fileRef = 064DA1ED2AFD6D130076FCC9 /* Assets.xcassets */; };
		064DA1F12AFD6D130076FCC9 /* LaunchScreen.storyboard in Resources */ = {isa = PBXBuildFile; fileRef = 064DA1EF2AFD6D130076FCC9 /* LaunchScreen.storyboard */; };
		064DA1FE2AFF5C5C0076FCC9 /* TrainViewController.swift in Sources */ = {isa = PBXBuildFile; fileRef = 064DA1FD2AFF5C5C0076FCC9 /* TrainViewController.swift */; };
		06AB9B6D2B44230B000E229C /* TestClass.swift in Sources */ = {isa = PBXBuildFile; fileRef = 06AB9B6C2B44230B000E229C /* TestClass.swift */; };
/* End PBXBuildFile section */

/* Begin PBXFileReference section */
		064DA1E12AFD6D0F0076FCC9 /* MathTrainerLesson.app */ = {isa = PBXFileReference; explicitFileType = wrapper.application; includeInIndex = 0; path = MathTrainerLesson.app; sourceTree = BUILT_PRODUCTS_DIR; };
		064DA1E42AFD6D0F0076FCC9 /* AppDelegate.swift */ = {isa = PBXFileReference; lastKnownFileType = sourcecode.swift; path = AppDelegate.swift; sourceTree = "<group>"; };
		064DA1E62AFD6D0F0076FCC9 /* SceneDelegate.swift */ = {isa = PBXFileReference; lastKnownFileType = sourcecode.swift; path = SceneDelegate.swift; sourceTree = "<group>"; };
		064DA1E82AFD6D0F0076FCC9 /* ViewController.swift */ = {isa = PBXFileReference; lastKnownFileType = sourcecode.swift; path = ViewController.swift; sourceTree = "<group>"; };
		064DA1EB2AFD6D0F0076FCC9 /* Base */ = {isa = PBXFileReference; lastKnownFileType = file.storyboard; name = Base; path = Base.lproj/Main.storyboard; sourceTree = "<group>"; };
		064DA1ED2AFD6D130076FCC9 /* Assets.xcassets */ = {isa = PBXFileReference; lastKnownFileType = folder.assetcatalog; path = Assets.xcassets; sourceTree = "<group>"; };
		064DA1F02AFD6D130076FCC9 /* Base */ = {isa = PBXFileReference; lastKnownFileType = file.storyboard; name = Base; path = Base.lproj/LaunchScreen.storyboard; sourceTree = "<group>"; };
		064DA1F22AFD6D130076FCC9 /* Info.plist */ = {isa = PBXFileReference; lastKnownFileType = text.plist.xml; path = Info.plist; sourceTree = "<group>"; };
		064DA1FD2AFF5C5C0076FCC9 /* TrainViewController.swift */ = {isa = PBXFileReference; lastKnownFileType = sourcecode.swift; path = TrainViewController.swift; sourceTree = "<group>"; };
		06AB9B6C2B44230B000E229C /* TestClass.swift */ = {isa = PBXFileReference; lastKnownFileType = sourcecode.swift; path = TestClass.swift; sourceTree = "<group>"; };
/* End PBXFileReference section */

/* Begin PBXFrameworksBuildPhase section */
		064DA1DE2AFD6D0F0076FCC9 /* Frameworks */ = {
			isa = PBXFrameworksBuildPhase;
			buildActionMask = 2147483647;
			files = (
			);
			runOnlyForDeploymentPostprocessing = 0;
		};
/* End PBXFrameworksBuildPhase section */

/* Begin PBXGroup section */
		064DA1D82AFD6D0F0076FCC9 = {
			isa = PBXGroup;
			children = (
				064DA1E32AFD6D0F0076FCC9 /* MathTrainerLesson */,
				064DA1E22AFD6D0F0076FCC9 /* Products */,
			);
			sourceTree = "<group>";
		};
		064DA1E22AFD6D0F0076FCC9 /* Products */ = {
			isa = PBXGroup;
			children = (
				064DA1E12AFD6D0F0076FCC9 /* MathTrainerLesson.app */,
			);
			name = Products;
			sourceTree = "<group>";
		};
		064DA1E32AFD6D0F0076FCC9 /* MathTrainerLesson */ = {
			isa = PBXGroup;
			children = (
				064DA1E42AFD6D0F0076FCC9 /* AppDelegate.swift */,
				064DA1E62AFD6D0F0076FCC9 /* SceneDelegate.swift */,
				064DA1E82AFD6D0F0076FCC9 /* ViewController.swift */,
				064DA1EA2AFD6D0F0076FCC9 /* Main.storyboard */,
				064DA1FD2AFF5C5C0076FCC9 /* TrainViewController.swift */,
				064DA1ED2AFD6D130076FCC9 /* Assets.xcassets */,
				064DA1EF2AFD6D130076FCC9 /* LaunchScreen.storyboard */,
				064DA1F22AFD6D130076FCC9 /* Info.plist */,
				06AB9B6C2B44230B000E229C /* TestClass.swift */,
			);
			path = MathTrainerLesson;
			sourceTree = "<group>";
		};
/* End PBXGroup section */

/* Begin PBXNativeTarget section */
		064DA1E02AFD6D0F0076FCC9 /* MathTrainerLesson */ = {
			isa = PBXNativeTarget;
			buildConfigurationList = 064DA1F52AFD6D130076FCC9 /* Build configuration list for PBXNativeTarget "MathTrainerLesson" */;
			buildPhases = (
				064DA1DD2AFD6D0F0076FCC9 /* Sources */,
				064DA1DE2AFD6D0F0076FCC9 /* Frameworks */,
				064DA1DF2AFD6D0F0076FCC9 /* Resources */,
			);
			buildRules = (
			);
			dependencies = (
			);
			name = MathTrainerLesson;
			productName = MathTrainerlesson_2;
			productReference = 064DA1E12AFD6D0F0076FCC9 /* MathTrainerLesson.app */;
			productType = "com.apple.product-type.application";
		};
/* End PBXNativeTarget section */

/* Begin PBXProject section */
		064DA1D92AFD6D0F0076FCC9 /* Project object */ = {
			isa = PBXProject;
			attributes = {
				LastSwiftUpdateCheck = 1240;
				LastUpgradeCheck = 1240;
				TargetAttributes = {
					064DA1E02AFD6D0F0076FCC9 = {
						CreatedOnToolsVersion = 12.4;
					};
				};
			};
			buildConfigurationList = 064DA1DC2AFD6D0F0076FCC9 /* Build configuration list for PBXProject "MathTrainerLesson" */;
			compatibilityVersion = "Xcode 9.3";
			developmentRegion = en;
			hasScannedForEncodings = 0;
			knownRegions = (
				en,
				Base,
			);
			mainGroup = 064DA1D82AFD6D0F0076FCC9;
			productRefGroup = 064DA1E22AFD6D0F0076FCC9 /* Products */;
			projectDirPath = "";
			projectRoot = "";
			targets = (
				064DA1E02AFD6D0F0076FCC9 /* MathTrainerLesson */,
			);
		};
/* End PBXProject section */

/* Begin PBXResourcesBuildPhase section */
		064DA1DF2AFD6D0F0076FCC9 /* Resources */ = {
			isa = PBXResourcesBuildPhase;
			buildActionMask = 2147483647;
			files = (
				064DA1F12AFD6D130076FCC9 /* LaunchScreen.storyboard in Resources */,
				064DA1EE2AFD6D130076FCC9 /* Assets.xcassets in Resources */,
				064DA1EC2AFD6D0F0076FCC9 /* Main.storyboard in Resources */,
			);
			runOnlyForDeploymentPostprocessing = 0;
		};
/* End PBXResourcesBuildPhase section */

/* Begin PBXSourcesBuildPhase section */
		064DA1DD2AFD6D0F0076FCC9 /* Sources */ = {
			isa = PBXSourcesBuildPhase;
			buildActionMask = 2147483647;
			files = (
				064DA1E92AFD6D0F0076FCC9 /* ViewController.swift in Sources */,
				064DA1FE2AFF5C5C0076FCC9 /* TrainViewController.swift in Sources */,
				064DA1E52AFD6D0F0076FCC9 /* AppDelegate.swift in Sources */,
				064DA1E72AFD6D0F0076FCC9 /* SceneDelegate.swift in Sources */,
				06AB9B6D2B44230B000E229C /* TestClass.swift in Sources */,
			);
			runOnlyForDeploymentPostprocessing = 0;
		};
/* End PBXSourcesBuildPhase section */

/* Begin PBXVariantGroup section */
		064DA1EA2AFD6D0F0076FCC9 /* Main.storyboard */ = {
			isa = PBXVariantGroup;
			children = (
				064DA1EB2AFD6D0F0076FCC9 /* Base */,
			);
			name = Main.storyboard;
			sourceTree = "<group>";
		};
		064DA1EF2AFD6D130076FCC9 /* LaunchScreen.storyboard */ = {
			isa = PBXVariantGroup;
			children = (
				064DA1F02AFD6D130076FCC9 /* Base */,
			);
			name = LaunchScreen.storyboard;
			sourceTree = "<group>";
		};
/* End PBXVariantGroup section */

/* Begin XCBuildConfiguration section */
		064DA1F32AFD6D130076FCC9 /* Debug */ = {
			isa = XCBuildConfiguration;
			buildSettings = {
				ALWAYS_SEARCH_USER_PATHS = NO;
				CLANG_ANALYZER_NONNULL = YES;
				CLANG_ANALYZER_NUMBER_OBJECT_CONVERSION = YES_AGGRESSIVE;
				CLANG_CXX_LANGUAGE_STANDARD = "gnu++14";
				CLANG_CXX_LIBRARY = "libc++";
				CLANG_ENABLE_MODULES = YES;
				CLANG_ENABLE_OBJC_ARC = YES;
				CLANG_ENABLE_OBJC_WEAK = YES;
				CLANG_WARN_BLOCK_CAPTURE_AUTORELEASING = YES;
				CLANG_WARN_BOOL_CONVERSION = YES;
				CLANG_WARN_COMMA = YES;
				CLANG_WARN_CONSTANT_CONVERSION = YES;
				CLANG_WARN_DEPRECATED_OBJC_IMPLEMENTATIONS = YES;
				CLANG_WARN_DIRECT_OBJC_ISA_USAGE = YES_ERROR;
				CLANG_WARN_DOCUMENTATION_COMMENTS = YES;
				CLANG_WARN_EMPTY_BODY = YES;
				CLANG_WARN_ENUM_CONVERSION = YES;
				CLANG_WARN_INFINITE_RECURSION = YES;
				CLANG_WARN_INT_CONVERSION = YES;
				CLANG_WARN_NON_LITERAL_NULL_CONVERSION = YES;
				CLANG_WARN_OBJC_IMPLICIT_RETAIN_SELF = YES;
				CLANG_WARN_OBJC_LITERAL_CONVERSION = YES;
				CLANG_WARN_OBJC_ROOT_CLASS = YES_ERROR;
				CLANG_WARN_QUOTED_INCLUDE_IN_FRAMEWORK_HEADER = YES;
				CLANG_WARN_RANGE_LOOP_ANALYSIS = YES;
				CLANG_WARN_STRICT_PROTOTYPES = YES;
				CLANG_WARN_SUSPICIOUS_MOVE = YES;
				CLANG_WARN_UNGUARDED_AVAILABILITY = YES_AGGRESSIVE;
				CLANG_WARN_UNREACHABLE_CODE = YES;
				CLANG_WARN__DUPLICATE_METHOD_MATCH = YES;
				COPY_PHASE_STRIP = NO;
				DEBUG_INFORMATION_FORMAT = dwarf;
				ENABLE_STRICT_OBJC_MSGSEND = YES;
				ENABLE_TESTABILITY = YES;
				GCC_C_LANGUAGE_STANDARD = gnu11;
				GCC_DYNAMIC_NO_PIC = NO;
				GCC_NO_COMMON_BLOCKS = YES;
				GCC_OPTIMIZATION_LEVEL = 0;
				GCC_PREPROCESSOR_DEFINITIONS = (
					"DEBUG=1",
					"$(inherited)",
				);
				GCC_WARN_64_TO_32_BIT_CONVERSION = YES;
				GCC_WARN_ABOUT_RETURN_TYPE = YES_ERROR;
				GCC_WARN_UNDECLARED_SELECTOR = YES;
				GCC_WARN_UNINITIALIZED_AUTOS = YES_AGGRESSIVE;
				GCC_WARN_UNUSED_FUNCTION = YES;
				GCC_WARN_UNUSED_VARIABLE = YES;
				IPHONEOS_DEPLOYMENT_TARGET = 14.4;
				MTL_ENABLE_DEBUG_INFO = INCLUDE_SOURCE;
				MTL_FAST_MATH = YES;
				ONLY_ACTIVE_ARCH = YES;
				SDKROOT = iphoneos;
				SWIFT_ACTIVE_COMPILATION_CONDITIONS = DEBUG;
				SWIFT_OPTIMIZATION_LEVEL = "-Onone";
			};
			name = Debug;
		};
		064DA1F42AFD6D130076FCC9 /* Release */ = {
			isa = XCBuildConfiguration;
			buildSettings = {
				ALWAYS_SEARCH_USER_PATHS = NO;
				CLANG_ANALYZER_NONNULL = YES;
				CLANG_ANALYZER_NUMBER_OBJECT_CONVERSION = YES_AGGRESSIVE;
				CLANG_CXX_LANGUAGE_STANDARD = "gnu++14";
				CLANG_CXX_LIBRARY = "libc++";
				CLANG_ENABLE_MODULES = YES;
				CLANG_ENABLE_OBJC_ARC = YES;
				CLANG_ENABLE_OBJC_WEAK = YES;
				CLANG_WARN_BLOCK_CAPTURE_AUTORELEASING = YES;
				CLANG_WARN_BOOL_CONVERSION = YES;
				CLANG_WARN_COMMA = YES;
				CLANG_WARN_CONSTANT_CONVERSION = YES;
				CLANG_WARN_DEPRECATED_OBJC_IMPLEMENTATIONS = YES;
				CLANG_WARN_DIRECT_OBJC_ISA_USAGE = YES_ERROR;
				CLANG_WARN_DOCUMENTATION_COMMENTS = YES;
				CLANG_WARN_EMPTY_BODY = YES;
				CLANG_WARN_ENUM_CONVERSION = YES;
				CLANG_WARN_INFINITE_RECURSION = YES;
				CLANG_WARN_INT_CONVERSION = YES;
				CLANG_WARN_NON_LITERAL_NULL_CONVERSION = YES;
				CLANG_WARN_OBJC_IMPLICIT_RETAIN_SELF = YES;
				CLANG_WARN_OBJC_LITERAL_CONVERSION = YES;
				CLANG_WARN_OBJC_ROOT_CLASS = YES_ERROR;
				CLANG_WARN_QUOTED_INCLUDE_IN_FRAMEWORK_HEADER = YES;
				CLANG_WARN_RANGE_LOOP_ANALYSIS = YES;
				CLANG_WARN_STRICT_PROTOTYPES = YES;
				CLANG_WARN_SUSPICIOUS_MOVE = YES;
				CLANG_WARN_UNGUARDED_AVAILABILITY = YES_AGGRESSIVE;
				CLANG_WARN_UNREACHABLE_CODE = YES;
				CLANG_WARN__DUPLICATE_METHOD_MATCH = YES;
				COPY_PHASE_STRIP = NO;
				DEBUG_INFORMATION_FORMAT = "dwarf-with-dsym";
				ENABLE_NS_ASSERTIONS = NO;
				ENABLE_STRICT_OBJC_MSGSEND = YES;
				GCC_C_LANGUAGE_STANDARD = gnu11;
				GCC_NO_COMMON_BLOCKS = YES;
				GCC_WARN_64_TO_32_BIT_CONVERSION = YES;
				GCC_WARN_ABOUT_RETURN_TYPE = YES_ERROR;
				GCC_WARN_UNDECLARED_SELECTOR = YES;
				GCC_WARN_UNINITIALIZED_AUTOS = YES_AGGRESSIVE;
				GCC_WARN_UNUSED_FUNCTION = YES;
				GCC_WARN_UNUSED_VARIABLE = YES;
				IPHONEOS_DEPLOYMENT_TARGET = 14.4;
				MTL_ENABLE_DEBUG_INFO = NO;
				MTL_FAST_MATH = YES;
				SDKROOT = iphoneos;
				SWIFT_COMPILATION_MODE = wholemodule;
				SWIFT_OPTIMIZATION_LEVEL = "-O";
				VALIDATE_PRODUCT = YES;
			};
			name = Release;
		};
		064DA1F62AFD6D130076FCC9 /* Debug */ = {
			isa = XCBuildConfiguration;
			buildSettings = {
				ASSETCATALOG_COMPILER_APPICON_NAME = AppIcon;
				ASSETCATALOG_COMPILER_GLOBAL_ACCENT_COLOR_NAME = AccentColor;
				CODE_SIGN_STYLE = Automatic;
				DEVELOPMENT_TEAM = 4DR6RFVM32;
				INFOPLIST_FILE = MathTrainerLesson/Info.plist;
				LD_RUNPATH_SEARCH_PATHS = (
					"$(inherited)",
					"@executable_path/Frameworks",
				);
				PRODUCT_BUNDLE_IDENTIFIER = "----------------.MathTrainerLesson";
				PRODUCT_NAME = "$(TARGET_NAME)";
				SWIFT_VERSION = 5.0;
				TARGETED_DEVICE_FAMILY = "1,2";
			};
			name = Debug;
		};
		064DA1F72AFD6D130076FCC9 /* Release */ = {
			isa = XCBuildConfiguration;
			buildSettings = {
				ASSETCATALOG_COMPILER_APPICON_NAME = AppIcon;
				ASSETCATALOG_COMPILER_GLOBAL_ACCENT_COLOR_NAME = AccentColor;
				CODE_SIGN_STYLE = Automatic;
				DEVELOPMENT_TEAM = 4DR6RFVM32;
				INFOPLIST_FILE = MathTrainerLesson/Info.plist;
				LD_RUNPATH_SEARCH_PATHS = (
					"$(inherited)",
					"@executable_path/Frameworks",
				);
				PRODUCT_BUNDLE_IDENTIFIER = "----------------.MathTrainerLesson";
				PRODUCT_NAME = "$(TARGET_NAME)";
				SWIFT_VERSION = 5.0;
				TARGETED_DEVICE_FAMILY = "1,2";
			};
			name = Release;
		};
/* End XCBuildConfiguration section */

/* Begin XCConfigurationList section */
		064DA1DC2AFD6D0F0076FCC9 /* Build configuration list for PBXProject "MathTrainerLesson" */ = {
			isa = XCConfigurationList;
			buildConfigurations = (
				064DA1F32AFD6D130076FCC9 /* Debug */,
				064DA1F42AFD6D130076FCC9 /* Release */,
			);
			defaultConfigurationIsVisible = 0;
			defaultConfigurationName = Release;
		};
		064DA1F52AFD6D130076FCC9 /* Build configuration list for PBXNativeTarget "MathTrainerLesson" */ = {
			isa = XCConfigurationList;
			buildConfigurations = (
				064DA1F62AFD6D130076FCC9 /* Debug */,
				064DA1F72AFD6D130076FCC9 /* Release */,
			);
			defaultConfigurationIsVisible = 0;
			defaultConfigurationName = Release;
		};
/* End XCConfigurationList section */
	};
	rootObject = 064DA1D92AFD6D0F0076FCC9 /* Project object */;
}
